
Microsoft Visual Studio Solution File, Format Version 12.00
# Visual Studio 15
VisualStudioVersion = 15.0.36324.19
MinimumVisualStudioVersion = 10.0.40219.1
Project("{FAE04EC0-301F-11D3-BF4B-00C04F79EFBC}") = "hrms-PakAsia", "hrms-PakAsia\hrms-PakAsia.csproj", "{7A37505F-FC4D-4FAB-BA01-9AA8D4521B11}"
EndProject
Global
	GlobalSection(SolutionConfigurationPlatforms) = preSolution
		Debug|Any CPU = Debug|Any CPU
		Release|Any CPU = Release|Any CPU
	EndGlobalSection
	GlobalSection(ProjectConfigurationPlatforms) = postSolution
		{7A37505F-FC4D-4FAB-BA01-9AA8D4521B11}.Debug|Any CPU.ActiveCfg = Debug|Any CPU
		{7A37505F-FC4D-4FAB-BA01-9AA8D4521B11}.Debug|Any CPU.Build.0 = Debug|Any CPU
		{7A37505F-FC4D-4FAB-BA01-9AA8D4521B11}.Release|Any CPU.ActiveCfg = Release|Any CPU
		{7A37505F-FC4D-4FAB-BA01-9AA8D4521B11}.Release|Any CPU.Build.0 = Release|Any CPU
	EndGlobalSection
	GlobalSection(SolutionProperties) = preSolution
		HideSolutionNode = FALSE
	EndGlobalSection
	GlobalSection(ExtensibilityGlobals) = postSolution
		SolutionGuid = {574C66A8-1EC0-4F04-8CD1-091FE75F962E}
	EndGlobalSection
EndGlobal
